// !$*UTF8*$!
{
	archiveVersion = 1;
	classes = {
	};
	objectVersion = 56;
	objects = {

/* Begin PBXBuildFile section */
		8A0000000000000000000011 /* AIChatStudioApp.swift in Sources */ = {isa = PBXBuildFile; fileRef = 8A0000000000000000000010 /* AIChatStudioApp.swift */; };
		8A0000000000000000000013 /* Models.swift in Sources */ = {isa = PBXBuildFile; fileRef = 8A0000000000000000000012 /* Models.swift */; };
		8A0000000000000000000015 /* ChatStore.swift in Sources */ = {isa = PBXBuildFile; fileRef = 8A0000000000000000000014 /* ChatStore.swift */; };
		8A0000000000000000000017 /* AIService.swift in Sources */ = {isa = PBXBuildFile; fileRef = 8A0000000000000000000016 /* AIService.swift */; };
		8A0000000000000000000019 /* AttachmentPicking.swift in Sources */ = {isa = PBXBuildFile; fileRef = 8A0000000000000000000018 /* AttachmentPicking.swift */; };
		8A0000000000000000000021 /* KeychainStore.swift in Sources */ = {isa = PBXBuildFile; fileRef = 8A0000000000000000000020 /* KeychainStore.swift */; };
		8A0000000000000000000023 /* MathMarkdownWebView.swift in Sources */ = {isa = PBXBuildFile; fileRef = 8A0000000000000000000022 /* MathMarkdownWebView.swift */; };
		8A0000000000000000000025 /* Views.swift in Sources */ = {isa = PBXBuildFile; fileRef = 8A0000000000000000000024 /* Views.swift */; };
/* End PBXBuildFile section */

/* Begin PBXFileReference section */
		8A0000000000000000000006 /* AIChatStudio.app */ = {isa = PBXFileReference; explicitFileType = wrapper.application; includeInIndex = 0; path = AIChatStudio.app; sourceTree = BUILT_PRODUCTS_DIR; };
		8A0000000000000000000010 /* AIChatStudioApp.swift */ = {isa = PBXFileReference; lastKnownFileType = sourcecode.swift; path = AIChatStudioApp.swift; sourceTree = "<group>"; };
		8A0000000000000000000012 /* Models.swift */ = {isa = PBXFileReference; lastKnownFileType = sourcecode.swift; path = Models.swift; sourceTree = "<group>"; };
		8A0000000000000000000014 /* ChatStore.swift */ = {isa = PBXFileReference; lastKnownFileType = sourcecode.swift; path = ChatStore.swift; sourceTree = "<group>"; };
		8A0000000000000000000016 /* AIService.swift */ = {isa = PBXFileReference; lastKnownFileType = sourcecode.swift; path = AIService.swift; sourceTree = "<group>"; };
		8A0000000000000000000018 /* AttachmentPicking.swift */ = {isa = PBXFileReference; lastKnownFileType = sourcecode.swift; path = AttachmentPicking.swift; sourceTree = "<group>"; };
		8A0000000000000000000020 /* KeychainStore.swift */ = {isa = PBXFileReference; lastKnownFileType = sourcecode.swift; path = KeychainStore.swift; sourceTree = "<group>"; };
		8A0000000000000000000022 /* MathMarkdownWebView.swift */ = {isa = PBXFileReference; lastKnownFileType = sourcecode.swift; path = MathMarkdownWebView.swift; sourceTree = "<group>"; };
		8A0000000000000000000024 /* Views.swift */ = {isa = PBXFileReference; lastKnownFileType = sourcecode.swift; path = Views.swift; sourceTree = "<group>"; };
/* End PBXFileReference section */

/* Begin PBXGroup section */
		8A0000000000000000000003 = {
			isa = PBXGroup;
			children = (
				8A0000000000000000000005 /* AIChatStudio */,
				8A0000000000000000000004 /* Products */,
			);
			sourceTree = "<group>";
		};
		8A0000000000000000000004 /* Products */ = {
			isa = PBXGroup;
			children = (
				8A0000000000000000000006 /* AIChatStudio.app */,
			);
			name = Products;
			sourceTree = "<group>";
		};
		8A0000000000000000000005 /* AIChatStudio */ = {
			isa = PBXGroup;
			children = (
				8A0000000000000000000010 /* AIChatStudioApp.swift */,
				8A0000000000000000000012 /* Models.swift */,
				8A0000000000000000000014 /* ChatStore.swift */,
				8A0000000000000000000016 /* AIService.swift */,
				8A0000000000000000000018 /* AttachmentPicking.swift */,
				8A0000000000000000000020 /* KeychainStore.swift */,
				8A0000000000000000000022 /* MathMarkdownWebView.swift */,
				8A0000000000000000000024 /* Views.swift */,
			);
			path = AIChatStudio;
			sourceTree = "<group>";
		};
/* End PBXGroup section */

/* Begin PBXNativeTarget section */
		8A0000000000000000000002 /* AIChatStudio */ = {
			isa = PBXNativeTarget;
			buildConfigurationList = 8A0000000000000000000032 /* Build configuration list for PBXNativeTarget "AIChatStudio" */;
			buildPhases = (
				8A0000000000000000000007 /* Sources */,
			);
			buildRules = (
			);
			dependencies = (
			);
			name = AIChatStudio;
			productName = AIChatStudio;
			productReference = 8A0000000000000000000006 /* AIChatStudio.app */;
			productType = "com.apple.product-type.application";
		};
/* End PBXNativeTarget section */

/* Begin PBXProject section */
		8A0000000000000000000001 /* Project object */ = {
			isa = PBXProject;
			attributes = {
				BuildIndependentTargetsInParallel = 1;
				LastSwiftUpdateCheck = 1600;
				LastUpgradeCheck = 1600;
				TargetAttributes = {
					8A0000000000000000000002 = {
						CreatedOnToolsVersion = 16.0;
					};
				};
			};
			buildConfigurationList = 8A0000000000000000000031 /* Build configuration list for PBXProject "AIChatStudio" */;
			compatibilityVersion = "Xcode 14.0";
			developmentRegion = en;
			hasScannedForEncodings = 0;
			knownRegions = (
				en,
				Base,
			);
			mainGroup = 8A0000000000000000000003;
			productRefGroup = 8A0000000000000000000004 /* Products */;
			projectDirPath = "";
			projectRoot = "";
			targets = (
				8A0000000000000000000002 /* AIChatStudio */,
			);
		};
/* End PBXProject section */

/* Begin PBXSourcesBuildPhase section */
		8A0000000000000000000007 /* Sources */ = {
			isa = PBXSourcesBuildPhase;
			buildActionMask = 2147483647;
			files = (
				8A0000000000000000000011 /* AIChatStudioApp.swift in Sources */,
				8A0000000000000000000013 /* Models.swift in Sources */,
				8A0000000000000000000015 /* ChatStore.swift in Sources */,
				8A0000000000000000000017 /* AIService.swift in Sources */,
				8A0000000000000000000019 /* AttachmentPicking.swift in Sources */,
				8A0000000000000000000021 /* KeychainStore.swift in Sources */,
				8A0000000000000000000023 /* MathMarkdownWebView.swift in Sources */,
				8A0000000000000000000025 /* Views.swift in Sources */,
			);
			runOnlyForDeploymentPostprocessing = 0;
		};
/* End PBXSourcesBuildPhase section */

/* Begin XCBuildConfiguration section */
		8A0000000000000000000041 /* Debug */ = {
			isa = XCBuildConfiguration;
			buildSettings = {
				ALWAYS_SEARCH_USER_PATHS = NO;
				CLANG_ANALYZER_NONNULL = YES;
				CLANG_ANALYZER_NUMBER_OBJECT_CONVERSION = YES_AGGRESSIVE;
				CLANG_CXX_LANGUAGE_STANDARD = "gnu++20";
				CLANG_ENABLE_MODULES = YES;
				CLANG_ENABLE_OBJC_ARC = YES;
				CLANG_ENABLE_OBJC_WEAK = YES;
				CLANG_WARN_BLOCK_CAPTURE_AUTORELEASING = YES;
				CLANG_WARN_BOOL_CONVERSION = YES;
				CLANG_WARN_COMMA = YES;
				CLANG_WARN_CONSTANT_CONVERSION = YES;
				CLANG_WARN_DEPRECATED_OBJC_IMPLEMENTATIONS = YES;
				CLANG_WARN_DIRECT_OBJC_ISA_USAGE = YES_ERROR;
				CLANG_WARN_DOCUMENTATION_COMMENTS = YES;
				CLANG_WARN_EMPTY_BODY = YES;
				CLANG_WARN_ENUM_CONVERSION = YES;
				CLANG_WARN_INFINITE_RECURSION = YES;
				CLANG_WARN_INT_CONVERSION = YES;
				CLANG_WARN_NON_LITERAL_NULL_CONVERSION = YES;
				CLANG_WARN_OBJC_IMPLICIT_RETAIN_SELF = YES;
				CLANG_WARN_OBJC_LITERAL_CONVERSION = YES;
				CLANG_WARN_OBJC_ROOT_CLASS = YES_ERROR;
				CLANG_WARN_QUOTED_INCLUDE_IN_FRAMEWORK_HEADER = YES;
				CLANG_WARN_RANGE_LOOP_ANALYSIS = YES;
				CLANG_WARN_STRICT_PROTOTYPES = YES;
				CLANG_WARN_SUSPICIOUS_MOVE = YES;
				CLANG_WARN_UNGUARDED_AVAILABILITY = YES_AGGRESSIVE;
				CLANG_WARN_UNREACHABLE_CODE = YES;
				CLANG_WARN__DUPLICATE_METHOD_MATCH = YES;
				COPY_PHASE_STRIP = NO;
				DEBUG_INFORMATION_FORMAT = dwarf;
				ENABLE_STRICT_OBJC_MSGSEND = YES;
				ENABLE_TESTABILITY = YES;
				ENABLE_USER_SCRIPT_SANDBOXING = YES;
				GCC_C_LANGUAGE_STANDARD = gnu17;
				GCC_DYNAMIC_NO_PIC = NO;
				GCC_NO_COMMON_BLOCKS = YES;
				GCC_OPTIMIZATION_LEVEL = 0;
				GCC_PREPROCESSOR_DEFINITIONS = (
					"DEBUG=1",
					"$(inherited)",
				);
				GCC_WARN_64_TO_32_BIT_CONVERSION = YES;
				GCC_WARN_ABOUT_RETURN_TYPE = YES_ERROR;
				GCC_WARN_UNDECLARED_SELECTOR = YES;
				GCC_WARN_UNINITIALIZED_AUTOS = YES_AGGRESSIVE;
				GCC_WARN_UNUSED_FUNCTION = YES;
				GCC_WARN_UNUSED_VARIABLE = YES;
				IPHONEOS_DEPLOYMENT_TARGET = 17.0;
				MTL_ENABLE_DEBUG_INFO = INCLUDE_SOURCE;
				MTL_FAST_MATH = YES;
				ONLY_ACTIVE_ARCH = YES;
				SDKROOT = iphoneos;
				SWIFT_ACTIVE_COMPILATION_CONDITIONS = DEBUG;
				SWIFT_OPTIMIZATION_LEVEL = "-Onone";
			};
			name = Debug;
		};
		8A0000000000000000000042 /* Release */ = {
			isa = XCBuildConfiguration;
			buildSettings = {
				ALWAYS_SEARCH_USER_PATHS = NO;
				CLANG_ANALYZER_NONNULL = YES;
				CLANG_ANALYZER_NUMBER_OBJECT_CONVERSION = YES_AGGRESSIVE;
				CLANG_CXX_LANGUAGE_STANDARD = "gnu++20";
				CLANG_ENABLE_MODULES = YES;
				CLANG_ENABLE_OBJC_ARC = YES;
				CLANG_ENABLE_OBJC_WEAK = YES;
				CLANG_WARN_BLOCK_CAPTURE_AUTORELEASING = YES;
				CLANG_WARN_BOOL_CONVERSION = YES;
				CLANG_WARN_COMMA = YES;
				CLANG_WARN_CONSTANT_CONVERSION = YES;
				CLANG_WARN_DEPRECATED_OBJC_IMPLEMENTATIONS = YES;
				CLANG_WARN_DIRECT_OBJC_ISA_USAGE = YES_ERROR;
				CLANG_WARN_DOCUMENTATION_COMMENTS = YES;
				CLANG_WARN_EMPTY_BODY = YES;
				CLANG_WARN_ENUM_CONVERSION = YES;
				CLANG_WARN_INFINITE_RECURSION = YES;
				CLANG_WARN_INT_CONVERSION = YES;
				CLANG_WARN_NON_LITERAL_NULL_CONVERSION = YES;
				CLANG_WARN_OBJC_IMPLICIT_RETAIN_SELF = YES;
				CLANG_WARN_OBJC_LITERAL_CONVERSION = YES;
				CLANG_WARN_OBJC_ROOT_CLASS = YES_ERROR;
				CLANG_WARN_QUOTED_INCLUDE_IN_FRAMEWORK_HEADER = YES;
				CLANG_WARN_RANGE_LOOP_ANALYSIS = YES;
				CLANG_WARN_STRICT_PROTOTYPES = YES;
				CLANG_WARN_SUSPICIOUS_MOVE = YES;
				CLANG_WARN_UNGUARDED_AVAILABILITY = YES_AGGRESSIVE;
				CLANG_WARN_UNREACHABLE_CODE = YES;
				CLANG_WARN__DUPLICATE_METHOD_MATCH = YES;
				COPY_PHASE_STRIP = NO;
				DEBUG_INFORMATION_FORMAT = "dwarf-with-dsym";
				ENABLE_NS_ASSERTIONS = NO;
				ENABLE_STRICT_OBJC_MSGSEND = YES;
				ENABLE_USER_SCRIPT_SANDBOXING = YES;
				GCC_C_LANGUAGE_STANDARD = gnu17;
				GCC_NO_COMMON_BLOCKS = YES;
				GCC_WARN_64_TO_32_BIT_CONVERSION = YES;
				GCC_WARN_ABOUT_RETURN_TYPE = YES_ERROR;
				GCC_WARN_UNDECLARED_SELECTOR = YES;
				GCC_WARN_UNINITIALIZED_AUTOS = YES_AGGRESSIVE;
				GCC_WARN_UNUSED_FUNCTION = YES;
				GCC_WARN_UNUSED_VARIABLE = YES;
				IPHONEOS_DEPLOYMENT_TARGET = 17.0;
				MTL_ENABLE_DEBUG_INFO = NO;
				MTL_FAST_MATH = YES;
				SDKROOT = iphoneos;
				SWIFT_COMPILATION_MODE = wholemodule;
				VALIDATE_PRODUCT = YES;
			};
			name = Release;
		};
		8A0000000000000000000051 /* Debug */ = {
			isa = XCBuildConfiguration;
			buildSettings = {
				CODE_SIGN_STYLE = Automatic;
				CURRENT_PROJECT_VERSION = 1;
				DEVELOPMENT_TEAM = "";
				ENABLE_PREVIEWS = YES;
				GENERATE_INFOPLIST_FILE = YES;
				INFOPLIST_KEY_CFBundleDisplayName = "AI Chat Studio";
				INFOPLIST_KEY_NSCameraUsageDescription = "用于拍摄并上传图片给 AI 分析。";
				INFOPLIST_KEY_NSMicrophoneUsageDescription = "用于选择或录制带音频的视频附件。";
				INFOPLIST_KEY_NSPhotoLibraryUsageDescription = "用于选择图片和视频作为对话附件。";
				INFOPLIST_KEY_UIApplicationSupportsIndirectInputEvents = YES;
				IPHONEOS_DEPLOYMENT_TARGET = 17.0;
				LD_RUNPATH_SEARCH_PATHS = (
					"$(inherited)",
					"@executable_path/Frameworks",
				);
				MARKETING_VERSION = 1.0;
				PRODUCT_BUNDLE_IDENTIFIER = com.codex.aichatstudio;
				PRODUCT_NAME = "$(TARGET_NAME)";
				SUPPORTED_PLATFORMS = "iphoneos iphonesimulator";
				SUPPORTS_MACCATALYST = NO;
				SWIFT_EMIT_LOC_STRINGS = YES;
				SWIFT_VERSION = 5.0;
				TARGETED_DEVICE_FAMILY = 1;
			};
			name = Debug;
		};
		8A0000000000000000000052 /* Release */ = {
			isa = XCBuildConfiguration;
			buildSettings = {
				CODE_SIGN_STYLE = Automatic;
				CURRENT_PROJECT_VERSION = 1;
				DEVELOPMENT_TEAM = "";
				ENABLE_PREVIEWS = YES;
				GENERATE_INFOPLIST_FILE = YES;
				INFOPLIST_KEY_CFBundleDisplayName = "AI Chat Studio";
				INFOPLIST_KEY_NSCameraUsageDescription = "用于拍摄并上传图片给 AI 分析。";
				INFOPLIST_KEY_NSMicrophoneUsageDescription = "用于选择或录制带音频的视频附件。";
				INFOPLIST_KEY_NSPhotoLibraryUsageDescription = "用于选择图片和视频作为对话附件。";
				INFOPLIST_KEY_UIApplicationSupportsIndirectInputEvents = YES;
				IPHONEOS_DEPLOYMENT_TARGET = 17.0;
				LD_RUNPATH_SEARCH_PATHS = (
					"$(inherited)",
					"@executable_path/Frameworks",
				);
				MARKETING_VERSION = 1.0;
				PRODUCT_BUNDLE_IDENTIFIER = com.codex.aichatstudio;
				PRODUCT_NAME = "$(TARGET_NAME)";
				SUPPORTED_PLATFORMS = "iphoneos iphonesimulator";
				SUPPORTS_MACCATALYST = NO;
				SWIFT_EMIT_LOC_STRINGS = YES;
				SWIFT_VERSION = 5.0;
				TARGETED_DEVICE_FAMILY = 1;
			};
			name = Release;
		};
/* End XCBuildConfiguration section */

/* Begin XCConfigurationList section */
		8A0000000000000000000031 /* Build configuration list for PBXProject "AIChatStudio" */ = {
			isa = XCConfigurationList;
			buildConfigurations = (
				8A0000000000000000000041 /* Debug */,
				8A0000000000000000000042 /* Release */,
			);
			defaultConfigurationIsVisible = 0;
			defaultConfigurationName = Release;
		};
		8A0000000000000000000032 /* Build configuration list for PBXNativeTarget "AIChatStudio" */ = {
			isa = XCConfigurationList;
			buildConfigurations = (
				8A0000000000000000000051 /* Debug */,
				8A0000000000000000000052 /* Release */,
			);
			defaultConfigurationIsVisible = 0;
			defaultConfigurationName = Release;
		};
/* End XCConfigurationList section */
	};
	rootObject = 8A0000000000000000000001 /* Project object */;
}
